// !$*UTF8*$!
{
	archiveVersion = 1;
	classes = {
	};
	objectVersion = 52;
	objects = {

/* Begin PBXBuildFile section */
		D4BD7FCE1AF9851900A515ED /* Rustle.xcdatamodeld in Sources */ = {isa = PBXBuildFile; fileRef = D4BD7FCC1AF9851900A515ED /* Rustle.xcdatamodeld */; };
		FA02915129332D99005B9903 /* With in Frameworks */ = {isa = PBXBuildFile; productRef = FA02915029332D99005B9903 /* With */; };
		FA029155293342EA005B9903 /* NSManagedObjectContextExtensions.swift in Sources */ = {isa = PBXBuildFile; fileRef = FA029154293342EA005B9903 /* NSManagedObjectContextExtensions.swift */; };
		FA58B61F2931FEA300001D83 /* RustleTests.swift in Sources */ = {isa = PBXBuildFile; fileRef = D442C8041AF5A5D600FF5FF8 /* RustleTests.swift */; };
		FA85CC20292B4A1100C0C008 /* GameViewController.swift in Sources */ = {isa = PBXBuildFile; fileRef = FA85CC1F292B4A1100C0C008 /* GameViewController.swift */; };
		FA8BE99429132D5B004ACC33 /* AccountManager.swift in Sources */ = {isa = PBXBuildFile; fileRef = FA8BE99329132D5B004ACC33 /* AccountManager.swift */; };
		FA8BE9A32913413D004ACC33 /* AppDelegate.swift in Sources */ = {isa = PBXBuildFile; fileRef = FA8BE9A22913413D004ACC33 /* AppDelegate.swift */; };
		FA8BEA28291356C3004ACC33 /* SavedDataManager.swift in Sources */ = {isa = PBXBuildFile; fileRef = FA8BEA27291356C3004ACC33 /* SavedDataManager.swift */; };
		FA8BEA3029136D16004ACC33 /* TitleViewController.swift in Sources */ = {isa = PBXBuildFile; fileRef = FA8BEA2F29136D16004ACC33 /* TitleViewController.swift */; };
		FA9148422933770600725203 /* Main.storyboard in Resources */ = {isa = PBXBuildFile; fileRef = FA9148412933770600725203 /* Main.storyboard */; };
		FA914846293379C500725203 /* Assets.xcassets in Resources */ = {isa = PBXBuildFile; fileRef = FA914845293379C500725203 /* Assets.xcassets */; };
		FA91484C29337FFF00725203 /* LaunchScreen.storyboard in Resources */ = {isa = PBXBuildFile; fileRef = FA91484A29337FFF00725203 /* LaunchScreen.storyboard */; };
		FA9FB93B293212A7005CD963 /* TwiftClientExtensions.swift in Sources */ = {isa = PBXBuildFile; fileRef = FA9FB93A293212A7005CD963 /* TwiftClientExtensions.swift */; };
		FA9FB93D2932150C005CD963 /* TwiftOtherExtensions.swift in Sources */ = {isa = PBXBuildFile; fileRef = FA9FB93C2932150C005CD963 /* TwiftOtherExtensions.swift */; };
		FA9FB94C29321DC9005CD963 /* Session.swift in Sources */ = {isa = PBXBuildFile; fileRef = FA9FB94829321DC9005CD963 /* Session.swift */; };
		FA9FB94D29321DCA005CD963 /* User.swift in Sources */ = {isa = PBXBuildFile; fileRef = FA9FB94929321DC9005CD963 /* User.swift */; };
		FAAD69AC29149A61004F7732 /* ErrorExtensions.swift in Sources */ = {isa = PBXBuildFile; fileRef = FAAD69AB29149A61004F7732 /* ErrorExtensions.swift */; };
		FABCBD0829288A88006C9607 /* Twift in Frameworks */ = {isa = PBXBuildFile; productRef = FABCBD0729288A88006C9607 /* Twift */; };
/* End PBXBuildFile section */

/* Begin PBXContainerItemProxy section */
		FA58B61A2931FE8300001D83 /* PBXContainerItemProxy */ = {
			isa = PBXContainerItemProxy;
			containerPortal = D442C7DB1AF5A5D500FF5FF8 /* Project object */;
			proxyType = 1;
			remoteGlobalIDString = D442C7E21AF5A5D500FF5FF8;
			remoteInfo = Rustle;
		};
/* End PBXContainerItemProxy section */

/* Begin PBXFileReference section */
		D442C7E31AF5A5D500FF5FF8 /* Rustle.app */ = {isa = PBXFileReference; explicitFileType = wrapper.application; includeInIndex = 0; path = Rustle.app; sourceTree = BUILT_PRODUCTS_DIR; };
		D442C7E71AF5A5D500FF5FF8 /* Info.plist */ = {isa = PBXFileReference; lastKnownFileType = text.plist.xml; path = Info.plist; sourceTree = "<group>"; };
		D442C8031AF5A5D600FF5FF8 /* Info.plist */ = {isa = PBXFileReference; lastKnownFileType = text.plist.xml; path = Info.plist; sourceTree = "<group>"; };
		D442C8041AF5A5D600FF5FF8 /* RustleTests.swift */ = {isa = PBXFileReference; lastKnownFileType = sourcecode.swift; path = RustleTests.swift; sourceTree = "<group>"; };
		D4BD7FCD1AF9851900A515ED /* Rustle.xcdatamodel */ = {isa = PBXFileReference; lastKnownFileType = wrapper.xcdatamodel; path = Rustle.xcdatamodel; sourceTree = "<group>"; };
		FA029154293342EA005B9903 /* NSManagedObjectContextExtensions.swift */ = {isa = PBXFileReference; lastKnownFileType = sourcecode.swift; path = NSManagedObjectContextExtensions.swift; sourceTree = "<group>"; };
		FA58B6162931FE8300001D83 /* RustleTests.xctest */ = {isa = PBXFileReference; explicitFileType = wrapper.cfbundle; includeInIndex = 0; path = RustleTests.xctest; sourceTree = BUILT_PRODUCTS_DIR; };
		FA85CC1F292B4A1100C0C008 /* GameViewController.swift */ = {isa = PBXFileReference; lastKnownFileType = sourcecode.swift; path = GameViewController.swift; sourceTree = "<group>"; };
		FA8BE99329132D5B004ACC33 /* AccountManager.swift */ = {isa = PBXFileReference; lastKnownFileType = sourcecode.swift; path = AccountManager.swift; sourceTree = "<group>"; };
		FA8BE9A22913413D004ACC33 /* AppDelegate.swift */ = {isa = PBXFileReference; lastKnownFileType = sourcecode.swift; path = AppDelegate.swift; sourceTree = "<group>"; };
		FA8BEA27291356C3004ACC33 /* SavedDataManager.swift */ = {isa = PBXFileReference; lastKnownFileType = sourcecode.swift; path = SavedDataManager.swift; sourceTree = "<group>"; };
		FA8BEA2F29136D16004ACC33 /* TitleViewController.swift */ = {isa = PBXFileReference; lastKnownFileType = sourcecode.swift; path = TitleViewController.swift; sourceTree = "<group>"; };
		FA9148412933770600725203 /* Main.storyboard */ = {isa = PBXFileReference; lastKnownFileType = file.storyboard; path = Main.storyboard; sourceTree = "<group>"; };
		FA914845293379C500725203 /* Assets.xcassets */ = {isa = PBXFileReference; lastKnownFileType = folder.assetcatalog; path = Assets.xcassets; sourceTree = "<group>"; };
		FA91484B29337FFF00725203 /* Base */ = {isa = PBXFileReference; lastKnownFileType = file.storyboard; name = Base; path = Base.lproj/LaunchScreen.storyboard; sourceTree = "<group>"; };
		FA9FB93A293212A7005CD963 /* TwiftClientExtensions.swift */ = {isa = PBXFileReference; lastKnownFileType = sourcecode.swift; path = TwiftClientExtensions.swift; sourceTree = "<group>"; };
		FA9FB93C2932150C005CD963 /* TwiftOtherExtensions.swift */ = {isa = PBXFileReference; lastKnownFileType = sourcecode.swift; path = TwiftOtherExtensions.swift; sourceTree = "<group>"; };
		FA9FB94829321DC9005CD963 /* Session.swift */ = {isa = PBXFileReference; fileEncoding = 4; lastKnownFileType = sourcecode.swift; path = Session.swift; sourceTree = "<group>"; };
		FA9FB94929321DC9005CD963 /* User.swift */ = {isa = PBXFileReference; fileEncoding = 4; lastKnownFileType = sourcecode.swift; path = User.swift; sourceTree = "<group>"; };
		FAAD69AB29149A61004F7732 /* ErrorExtensions.swift */ = {isa = PBXFileReference; lastKnownFileType = sourcecode.swift; path = ErrorExtensions.swift; sourceTree = "<group>"; };
		FADDFEE12932263500EAD534 /* CoreDataGenerated */ = {isa = PBXFileReference; lastKnownFileType = text; name = CoreDataGenerated; path = "../../Intermediates.noindex/Rustle.build/Debug-iphonesimulator/Rustle.build/DerivedSources/CoreDataGenerated/Rustle"; sourceTree = BUILT_PRODUCTS_DIR; };
/* End PBXFileReference section */

/* Begin PBXFrameworksBuildPhase section */
		D442C7E01AF5A5D500FF5FF8 /* Frameworks */ = {
			isa = PBXFrameworksBuildPhase;
			buildActionMask = 2147483647;
			files = (
				FA02915129332D99005B9903 /* With in Frameworks */,
				FABCBD0829288A88006C9607 /* Twift in Frameworks */,
			);
			runOnlyForDeploymentPostprocessing = 0;
		};
		FA58B6132931FE8300001D83 /* Frameworks */ = {
			isa = PBXFrameworksBuildPhase;
			buildActionMask = 2147483647;
			files = (
			);
			runOnlyForDeploymentPostprocessing = 0;
		};
/* End PBXFrameworksBuildPhase section */

/* Begin PBXGroup section */
		D442C7DA1AF5A5D500FF5FF8 = {
			isa = PBXGroup;
			children = (
				D442C7E51AF5A5D500FF5FF8 /* App */,
				D442C8011AF5A5D600FF5FF8 /* Tests */,
				D442C7E41AF5A5D500FF5FF8 /* Products */,
			);
			sourceTree = "<group>";
		};
		D442C7E41AF5A5D500FF5FF8 /* Products */ = {
			isa = PBXGroup;
			children = (
				D442C7E31AF5A5D500FF5FF8 /* Rustle.app */,
				FA58B6162931FE8300001D83 /* RustleTests.xctest */,
			);
			name = Products;
			sourceTree = "<group>";
		};
		D442C7E51AF5A5D500FF5FF8 /* App */ = {
			isa = PBXGroup;
			children = (
				FA8BE99329132D5B004ACC33 /* AccountManager.swift */,
				FA8BE9A22913413D004ACC33 /* AppDelegate.swift */,
				FA85CC1F292B4A1100C0C008 /* GameViewController.swift */,
				D4BD7FCC1AF9851900A515ED /* Rustle.xcdatamodeld */,
				FA914845293379C500725203 /* Assets.xcassets */,
				FA9148412933770600725203 /* Main.storyboard */,
				FA91484A29337FFF00725203 /* LaunchScreen.storyboard */,
				FA8BEA27291356C3004ACC33 /* SavedDataManager.swift */,
				FA8BEA2F29136D16004ACC33 /* TitleViewController.swift */,
				FA9FB93E29321D3D005CD963 /* Models */,
				D442C7E61AF5A5D500FF5FF8 /* supporting files */,
			);
			path = App;
			sourceTree = "<group>";
		};
		D442C7E61AF5A5D500FF5FF8 /* supporting files */ = {
			isa = PBXGroup;
			children = (
				D4BD7FD61AF9AC6700A515ED /* Extensions */,
				D442C7E71AF5A5D500FF5FF8 /* Info.plist */,
			);
			name = "supporting files";
			sourceTree = "<group>";
		};
		D442C8011AF5A5D600FF5FF8 /* Tests */ = {
			isa = PBXGroup;
			children = (
				D442C8041AF5A5D600FF5FF8 /* RustleTests.swift */,
				D442C8021AF5A5D600FF5FF8 /* supporting files */,
			);
			path = Tests;
			sourceTree = "<group>";
		};
		D442C8021AF5A5D600FF5FF8 /* supporting files */ = {
			isa = PBXGroup;
			children = (
				D442C8031AF5A5D600FF5FF8 /* Info.plist */,
			);
			name = "supporting files";
			sourceTree = "<group>";
		};
		D4BD7FD61AF9AC6700A515ED /* Extensions */ = {
			isa = PBXGroup;
			children = (
				FAAD69AB29149A61004F7732 /* ErrorExtensions.swift */,
				FA9FB93A293212A7005CD963 /* TwiftClientExtensions.swift */,
				FA9FB93C2932150C005CD963 /* TwiftOtherExtensions.swift */,
				FA029154293342EA005B9903 /* NSManagedObjectContextExtensions.swift */,
			);
			path = Extensions;
			sourceTree = "<group>";
		};
		FA9FB93E29321D3D005CD963 /* Models */ = {
			isa = PBXGroup;
			children = (
				FA9FB94829321DC9005CD963 /* Session.swift */,
				FA9FB94929321DC9005CD963 /* User.swift */,
				FADDFEE12932263500EAD534 /* CoreDataGenerated */,
			);
			path = Models;
			sourceTree = "<group>";
		};
/* End PBXGroup section */

/* Begin PBXNativeTarget section */
		D442C7E21AF5A5D500FF5FF8 /* Rustle */ = {
			isa = PBXNativeTarget;
			buildConfigurationList = D442C8081AF5A5D600FF5FF8 /* Build configuration list for PBXNativeTarget "Rustle" */;
			buildPhases = (
				D442C7DF1AF5A5D500FF5FF8 /* Sources */,
				D442C7E01AF5A5D500FF5FF8 /* Frameworks */,
				D442C7E11AF5A5D500FF5FF8 /* Resources */,
			);
			buildRules = (
			);
			dependencies = (
			);
			name = Rustle;
			packageProductDependencies = (
				FABCBD0729288A88006C9607 /* Twift */,
				FA02915029332D99005B9903 /* With */,
			);
			productName = Rustle;
			productReference = D442C7E31AF5A5D500FF5FF8 /* Rustle.app */;
			productType = "com.apple.product-type.application";
		};
		FA58B6152931FE8300001D83 /* RustleTests */ = {
			isa = PBXNativeTarget;
			buildConfigurationList = FA58B61C2931FE8300001D83 /* Build configuration list for PBXNativeTarget "RustleTests" */;
			buildPhases = (
				FA58B6122931FE8300001D83 /* Sources */,
				FA58B6132931FE8300001D83 /* Frameworks */,
				FA58B6142931FE8300001D83 /* Resources */,
			);
			buildRules = (
			);
			dependencies = (
				FA58B61B2931FE8300001D83 /* PBXTargetDependency */,
			);
			name = RustleTests;
			productName = RustleTests;
			productReference = FA58B6162931FE8300001D83 /* RustleTests.xctest */;
			productType = "com.apple.product-type.bundle.unit-test";
		};
/* End PBXNativeTarget section */

/* Begin PBXProject section */
		D442C7DB1AF5A5D500FF5FF8 /* Project object */ = {
			isa = PBXProject;
			attributes = {
				LastSwiftUpdateCheck = 1410;
				LastUpgradeCheck = 1410;
				ORGANIZATIONNAME = "Cap'n Slipp";
				TargetAttributes = {
					D442C7E21AF5A5D500FF5FF8 = {
						CreatedOnToolsVersion = 6.3;
						LastSwiftMigration = 1410;
					};
					FA58B6152931FE8300001D83 = {
						CreatedOnToolsVersion = 14.1;
						TestTargetID = D442C7E21AF5A5D500FF5FF8;
					};
				};
			};
			buildConfigurationList = D442C7DE1AF5A5D500FF5FF8 /* Build configuration list for PBXProject "Rustle" */;
			compatibilityVersion = "Xcode 3.2";
			developmentRegion = English;
			hasScannedForEncodings = 0;
			knownRegions = (
				English,
				en,
				Base,
			);
			mainGroup = D442C7DA1AF5A5D500FF5FF8;
			packageReferences = (
				FABCBD0629288A88006C9607 /* XCRemoteSwiftPackageReference "Twift" */,
				FA02914F29332D99005B9903 /* XCRemoteSwiftPackageReference "With" */,
			);
			productRefGroup = D442C7E41AF5A5D500FF5FF8 /* Products */;
			projectDirPath = "";
			projectRoot = "";
			targets = (
				D442C7E21AF5A5D500FF5FF8 /* Rustle */,
				FA58B6152931FE8300001D83 /* RustleTests */,
			);
		};
/* End PBXProject section */

/* Begin PBXResourcesBuildPhase section */
		D442C7E11AF5A5D500FF5FF8 /* Resources */ = {
			isa = PBXResourcesBuildPhase;
			buildActionMask = 2147483647;
			files = (
				FA91484C29337FFF00725203 /* LaunchScreen.storyboard in Resources */,
				FA914846293379C500725203 /* Assets.xcassets in Resources */,
				FA9148422933770600725203 /* Main.storyboard in Resources */,
			);
			runOnlyForDeploymentPostprocessing = 0;
		};
		FA58B6142931FE8300001D83 /* Resources */ = {
			isa = PBXResourcesBuildPhase;
			buildActionMask = 2147483647;
			files = (
			);
			runOnlyForDeploymentPostprocessing = 0;
		};
/* End PBXResourcesBuildPhase section */

/* Begin PBXSourcesBuildPhase section */
		D442C7DF1AF5A5D500FF5FF8 /* Sources */ = {
			isa = PBXSourcesBuildPhase;
			buildActionMask = 2147483647;
			files = (
				FA8BEA28291356C3004ACC33 /* SavedDataManager.swift in Sources */,
				FA8BE9A32913413D004ACC33 /* AppDelegate.swift in Sources */,
				FA9FB94D29321DCA005CD963 /* User.swift in Sources */,
				FA029155293342EA005B9903 /* NSManagedObjectContextExtensions.swift in Sources */,
				FA9FB93D2932150C005CD963 /* TwiftOtherExtensions.swift in Sources */,
				D4BD7FCE1AF9851900A515ED /* Rustle.xcdatamodeld in Sources */,
				FA8BEA3029136D16004ACC33 /* TitleViewController.swift in Sources */,
				FA85CC20292B4A1100C0C008 /* GameViewController.swift in Sources */,
				FA8BE99429132D5B004ACC33 /* AccountManager.swift in Sources */,
				FA9FB93B293212A7005CD963 /* TwiftClientExtensions.swift in Sources */,
				FAAD69AC29149A61004F7732 /* ErrorExtensions.swift in Sources */,
				FA9FB94C29321DC9005CD963 /* Session.swift in Sources */,
			);
			runOnlyForDeploymentPostprocessing = 0;
		};
		FA58B6122931FE8300001D83 /* Sources */ = {
			isa = PBXSourcesBuildPhase;
			buildActionMask = 2147483647;
			files = (
				FA58B61F2931FEA300001D83 /* RustleTests.swift in Sources */,
			);
			runOnlyForDeploymentPostprocessing = 0;
		};
/* End PBXSourcesBuildPhase section */

/* Begin PBXTargetDependency section */
		FA58B61B2931FE8300001D83 /* PBXTargetDependency */ = {
			isa = PBXTargetDependency;
			target = D442C7E21AF5A5D500FF5FF8 /* Rustle */;
			targetProxy = FA58B61A2931FE8300001D83 /* PBXContainerItemProxy */;
		};
/* End PBXTargetDependency section */

/* Begin PBXVariantGroup section */
		FA91484A29337FFF00725203 /* LaunchScreen.storyboard */ = {
			isa = PBXVariantGroup;
			children = (
				FA91484B29337FFF00725203 /* Base */,
			);
			name = LaunchScreen.storyboard;
			sourceTree = "<group>";
		};
/* End PBXVariantGroup section */

/* Begin XCBuildConfiguration section */
		D442C8061AF5A5D600FF5FF8 /* Debug */ = {
			isa = XCBuildConfiguration;
			buildSettings = {
				ALWAYS_SEARCH_USER_PATHS = NO;
				CLANG_ANALYZER_LOCALIZABILITY_NONLOCALIZED = YES;
				CLANG_CXX_LANGUAGE_STANDARD = "gnu++0x";
				CLANG_CXX_LIBRARY = "libc++";
				CLANG_ENABLE_MODULES = YES;
				CLANG_ENABLE_OBJC_ARC = YES;
				CLANG_WARN_BLOCK_CAPTURE_AUTORELEASING = YES;
				CLANG_WARN_BOOL_CONVERSION = YES;
				CLANG_WARN_COMMA = YES;
				CLANG_WARN_CONSTANT_CONVERSION = YES;
				CLANG_WARN_DEPRECATED_OBJC_IMPLEMENTATIONS = YES;
				CLANG_WARN_DIRECT_OBJC_ISA_USAGE = YES_ERROR;
				CLANG_WARN_EMPTY_BODY = YES;
				CLANG_WARN_ENUM_CONVERSION = YES;
				CLANG_WARN_INFINITE_RECURSION = YES;
				CLANG_WARN_INT_CONVERSION = YES;
				CLANG_WARN_NON_LITERAL_NULL_CONVERSION = YES;
				CLANG_WARN_OBJC_IMPLICIT_RETAIN_SELF = YES;
				CLANG_WARN_OBJC_LITERAL_CONVERSION = YES;
				CLANG_WARN_OBJC_ROOT_CLASS = YES_ERROR;
				CLANG_WARN_QUOTED_INCLUDE_IN_FRAMEWORK_HEADER = YES;
				CLANG_WARN_RANGE_LOOP_ANALYSIS = YES;
				CLANG_WARN_STRICT_PROTOTYPES = YES;
				CLANG_WARN_SUSPICIOUS_MOVE = YES;
				CLANG_WARN_UNREACHABLE_CODE = YES;
				CLANG_WARN__DUPLICATE_METHOD_MATCH = YES;
				"CODE_SIGN_IDENTITY[sdk=iphoneos*]" = "iPhone Developer";
				COPY_PHASE_STRIP = NO;
				DEBUG_INFORMATION_FORMAT = "dwarf-with-dsym";
				ENABLE_STRICT_OBJC_MSGSEND = YES;
				ENABLE_TESTABILITY = YES;
				GCC_C_LANGUAGE_STANDARD = gnu99;
				GCC_DYNAMIC_NO_PIC = NO;
				GCC_NO_COMMON_BLOCKS = YES;
				GCC_OPTIMIZATION_LEVEL = 0;
				GCC_PREPROCESSOR_DEFINITIONS = (
					"DEBUG=1",
					"$(inherited)",
				);
				GCC_SYMBOLS_PRIVATE_EXTERN = NO;
				GCC_WARN_64_TO_32_BIT_CONVERSION = YES;
				GCC_WARN_ABOUT_RETURN_TYPE = YES_ERROR;
				GCC_WARN_UNDECLARED_SELECTOR = YES;
				GCC_WARN_UNINITIALIZED_AUTOS = YES_AGGRESSIVE;
				GCC_WARN_UNUSED_FUNCTION = YES;
				GCC_WARN_UNUSED_VARIABLE = YES;
				IPHONEOS_DEPLOYMENT_TARGET = 12.0;
				MTL_ENABLE_DEBUG_INFO = YES;
				ONLY_ACTIVE_ARCH = YES;
				SDKROOT = iphoneos;
				TARGETED_DEVICE_FAMILY = "1,2";
			};
			name = Debug;
		};
		D442C8071AF5A5D600FF5FF8 /* Release */ = {
			isa = XCBuildConfiguration;
			buildSettings = {
				ALWAYS_SEARCH_USER_PATHS = NO;
				CLANG_ANALYZER_LOCALIZABILITY_NONLOCALIZED = YES;
				CLANG_CXX_LANGUAGE_STANDARD = "gnu++0x";
				CLANG_CXX_LIBRARY = "libc++";
				CLANG_ENABLE_MODULES = YES;
				CLANG_ENABLE_OBJC_ARC = YES;
				CLANG_WARN_BLOCK_CAPTURE_AUTORELEASING = YES;
				CLANG_WARN_BOOL_CONVERSION = YES;
				CLANG_WARN_COMMA = YES;
				CLANG_WARN_CONSTANT_CONVERSION = YES;
				CLANG_WARN_DEPRECATED_OBJC_IMPLEMENTATIONS = YES;
				CLANG_WARN_DIRECT_OBJC_ISA_USAGE = YES_ERROR;
				CLANG_WARN_EMPTY_BODY = YES;
				CLANG_WARN_ENUM_CONVERSION = YES;
				CLANG_WARN_INFINITE_RECURSION = YES;
				CLANG_WARN_INT_CONVERSION = YES;
				CLANG_WARN_NON_LITERAL_NULL_CONVERSION = YES;
				CLANG_WARN_OBJC_IMPLICIT_RETAIN_SELF = YES;
				CLANG_WARN_OBJC_LITERAL_CONVERSION = YES;
				CLANG_WARN_OBJC_ROOT_CLASS = YES_ERROR;
				CLANG_WARN_QUOTED_INCLUDE_IN_FRAMEWORK_HEADER = YES;
				CLANG_WARN_RANGE_LOOP_ANALYSIS = YES;
				CLANG_WARN_STRICT_PROTOTYPES = YES;
				CLANG_WARN_SUSPICIOUS_MOVE = YES;
				CLANG_WARN_UNREACHABLE_CODE = YES;
				CLANG_WARN__DUPLICATE_METHOD_MATCH = YES;
				"CODE_SIGN_IDENTITY[sdk=iphoneos*]" = "iPhone Developer";
				COPY_PHASE_STRIP = NO;
				DEBUG_INFORMATION_FORMAT = "dwarf-with-dsym";
				ENABLE_NS_ASSERTIONS = NO;
				ENABLE_STRICT_OBJC_MSGSEND = YES;
				GCC_C_LANGUAGE_STANDARD = gnu99;
				GCC_NO_COMMON_BLOCKS = YES;
				GCC_WARN_64_TO_32_BIT_CONVERSION = YES;
				GCC_WARN_ABOUT_RETURN_TYPE = YES_ERROR;
				GCC_WARN_UNDECLARED_SELECTOR = YES;
				GCC_WARN_UNINITIALIZED_AUTOS = YES_AGGRESSIVE;
				GCC_WARN_UNUSED_FUNCTION = YES;
				GCC_WARN_UNUSED_VARIABLE = YES;
				IPHONEOS_DEPLOYMENT_TARGET = 12.0;
				MTL_ENABLE_DEBUG_INFO = NO;
				SDKROOT = iphoneos;
				SWIFT_COMPILATION_MODE = wholemodule;
				TARGETED_DEVICE_FAMILY = "1,2";
				VALIDATE_PRODUCT = YES;
			};
			name = Release;
		};
		D442C8091AF5A5D600FF5FF8 /* Debug */ = {
			isa = XCBuildConfiguration;
			buildSettings = {
				ASSETCATALOG_COMPILER_APPICON_NAME = AppIcon;
				CLANG_ENABLE_MODULES = YES;
				INFOPLIST_FILE = App/Info.plist;
				IPHONEOS_DEPLOYMENT_TARGET = 15.0;
				LD_RUNPATH_SEARCH_PATHS = (
					"$(inherited)",
					"@executable_path/Frameworks",
				);
				PRODUCT_BUNDLE_IDENTIFIER = "com.6bitt.$(PRODUCT_NAME:rfc1034identifier)";
				PRODUCT_NAME = Rustle;
				SWIFT_OPTIMIZATION_LEVEL = "-Onone";
				SWIFT_VERSION = 5.0;
			};
			name = Debug;
		};
		D442C80A1AF5A5D600FF5FF8 /* Release */ = {
			isa = XCBuildConfiguration;
			buildSettings = {
				ASSETCATALOG_COMPILER_APPICON_NAME = AppIcon;
				CLANG_ENABLE_MODULES = YES;
				INFOPLIST_FILE = App/Info.plist;
				IPHONEOS_DEPLOYMENT_TARGET = 15.0;
				LD_RUNPATH_SEARCH_PATHS = (
					"$(inherited)",
					"@executable_path/Frameworks",
				);
				PRODUCT_BUNDLE_IDENTIFIER = "com.6bitt.$(PRODUCT_NAME:rfc1034identifier)";
				PRODUCT_NAME = Rustle;
				SWIFT_VERSION = 5.0;
			};
			name = Release;
		};
		FA58B61D2931FE8300001D83 /* Debug */ = {
			isa = XCBuildConfiguration;
			buildSettings = {
				BUNDLE_LOADER = "$(TEST_HOST)";
				CLANG_ANALYZER_NONNULL = YES;
				CLANG_ANALYZER_NUMBER_OBJECT_CONVERSION = YES_AGGRESSIVE;
				CLANG_CXX_LANGUAGE_STANDARD = "gnu++20";
				CLANG_ENABLE_OBJC_WEAK = YES;
				CLANG_WARN_DOCUMENTATION_COMMENTS = YES;
				CLANG_WARN_UNGUARDED_AVAILABILITY = YES_AGGRESSIVE;
				CODE_SIGN_STYLE = Automatic;
				CURRENT_PROJECT_VERSION = 1;
				DEBUG_INFORMATION_FORMAT = dwarf;
				DEVELOPMENT_TEAM = UQQE2H6P34;
				GCC_C_LANGUAGE_STANDARD = gnu11;
				GENERATE_INFOPLIST_FILE = YES;
				IPHONEOS_DEPLOYMENT_TARGET = 16.1;
				MARKETING_VERSION = 1.0;
				MTL_ENABLE_DEBUG_INFO = INCLUDE_SOURCE;
				MTL_FAST_MATH = YES;
				PRODUCT_BUNDLE_IDENTIFIER = com.6bitt.RustleTests;
				PRODUCT_NAME = "$(TARGET_NAME)";
				SWIFT_ACTIVE_COMPILATION_CONDITIONS = DEBUG;
				SWIFT_EMIT_LOC_STRINGS = NO;
				SWIFT_OPTIMIZATION_LEVEL = "-Onone";
				SWIFT_VERSION = 5.0;
				TARGETED_DEVICE_FAMILY = "1,2";
				TEST_HOST = "$(BUILT_PRODUCTS_DIR)/Rustle.app/$(BUNDLE_EXECUTABLE_FOLDER_PATH)/Rustle";
			};
			name = Debug;
		};
		FA58B61E2931FE8300001D83 /* Release */ = {
			isa = XCBuildConfiguration;
			buildSettings = {
				BUNDLE_LOADER = "$(TEST_HOST)";
				CLANG_ANALYZER_NONNULL = YES;
				CLANG_ANALYZER_NUMBER_OBJECT_CONVERSION = YES_AGGRESSIVE;
				CLANG_CXX_LANGUAGE_STANDARD = "gnu++20";
				CLANG_ENABLE_OBJC_WEAK = YES;
				CLANG_WARN_DOCUMENTATION_COMMENTS = YES;
				CLANG_WARN_UNGUARDED_AVAILABILITY = YES_AGGRESSIVE;
				CODE_SIGN_STYLE = Automatic;
				CURRENT_PROJECT_VERSION = 1;
				DEVELOPMENT_TEAM = UQQE2H6P34;
				GCC_C_LANGUAGE_STANDARD = gnu11;
				GENERATE_INFOPLIST_FILE = YES;
				IPHONEOS_DEPLOYMENT_TARGET = 16.1;
				MARKETING_VERSION = 1.0;
				MTL_FAST_MATH = YES;
				PRODUCT_BUNDLE_IDENTIFIER = com.6bitt.RustleTests;
				PRODUCT_NAME = "$(TARGET_NAME)";
				SWIFT_EMIT_LOC_STRINGS = NO;
				SWIFT_OPTIMIZATION_LEVEL = "-O";
				SWIFT_VERSION = 5.0;
				TARGETED_DEVICE_FAMILY = "1,2";
				TEST_HOST = "$(BUILT_PRODUCTS_DIR)/Rustle.app/$(BUNDLE_EXECUTABLE_FOLDER_PATH)/Rustle";
			};
			name = Release;
		};
/* End XCBuildConfiguration section */

/* Begin XCConfigurationList section */
		D442C7DE1AF5A5D500FF5FF8 /* Build configuration list for PBXProject "Rustle" */ = {
			isa = XCConfigurationList;
			buildConfigurations = (
				D442C8061AF5A5D600FF5FF8 /* Debug */,
				D442C8071AF5A5D600FF5FF8 /* Release */,
			);
			defaultConfigurationIsVisible = 0;
			defaultConfigurationName = Release;
		};
		D442C8081AF5A5D600FF5FF8 /* Build configuration list for PBXNativeTarget "Rustle" */ = {
			isa = XCConfigurationList;
			buildConfigurations = (
				D442C8091AF5A5D600FF5FF8 /* Debug */,
				D442C80A1AF5A5D600FF5FF8 /* Release */,
			);
			defaultConfigurationIsVisible = 0;
			defaultConfigurationName = Release;
		};
		FA58B61C2931FE8300001D83 /* Build configuration list for PBXNativeTarget "RustleTests" */ = {
			isa = XCConfigurationList;
			buildConfigurations = (
				FA58B61D2931FE8300001D83 /* Debug */,
				FA58B61E2931FE8300001D83 /* Release */,
			);
			defaultConfigurationIsVisible = 0;
			defaultConfigurationName = Release;
		};
/* End XCConfigurationList section */

/* Begin XCRemoteSwiftPackageReference section */
		FA02914F29332D99005B9903 /* XCRemoteSwiftPackageReference "With" */ = {
			isa = XCRemoteSwiftPackageReference;
			repositoryURL = "https://github.com/capnslipp/With";
			requirement = {
				branch = master;
				kind = branch;
			};
		};
		FABCBD0629288A88006C9607 /* XCRemoteSwiftPackageReference "Twift" */ = {
			isa = XCRemoteSwiftPackageReference;
			repositoryURL = "https://github.com/daneden/Twift";
			requirement = {
				branch = main;
				kind = branch;
			};
		};
/* End XCRemoteSwiftPackageReference section */

/* Begin XCSwiftPackageProductDependency section */
		FA02915029332D99005B9903 /* With */ = {
			isa = XCSwiftPackageProductDependency;
			package = FA02914F29332D99005B9903 /* XCRemoteSwiftPackageReference "With" */;
			productName = With;
		};
		FABCBD0729288A88006C9607 /* Twift */ = {
			isa = XCSwiftPackageProductDependency;
			package = FABCBD0629288A88006C9607 /* XCRemoteSwiftPackageReference "Twift" */;
			productName = Twift;
		};
/* End XCSwiftPackageProductDependency section */

/* Begin XCVersionGroup section */
		D4BD7FCC1AF9851900A515ED /* Rustle.xcdatamodeld */ = {
			isa = XCVersionGroup;
			children = (
				D4BD7FCD1AF9851900A515ED /* Rustle.xcdatamodel */,
			);
			currentVersion = D4BD7FCD1AF9851900A515ED /* Rustle.xcdatamodel */;
			path = Rustle.xcdatamodeld;
			sourceTree = "<group>";
			versionGroupType = wrapper.xcdatamodel;
		};
/* End XCVersionGroup section */
	};
	rootObject = D442C7DB1AF5A5D500FF5FF8 /* Project object */;
}
