// !$*UTF8*$!
{
	archiveVersion = 1;
	classes = {
	};
	objectVersion = 46;
	objects = {

/* Begin PBXBuildFile section */
		5FD883A472092C333E9222AA /* libPods.a in Frameworks */ = {isa = PBXBuildFile; fileRef = 597412C3C3453082830C2327 /* libPods.a */; };
		D442C7E91AF5A5D500FF5FF8 /* main.m in Sources */ = {isa = PBXBuildFile; fileRef = D442C7E81AF5A5D500FF5FF8 /* main.m */; };
		D442C7EC1AF5A5D500FF5FF8 /* AppDelegate.m in Sources */ = {isa = PBXBuildFile; fileRef = D442C7EB1AF5A5D500FF5FF8 /* AppDelegate.m */; };
		D442C7F11AF5A5D600FF5FF8 /* GameViewController.m in Sources */ = {isa = PBXBuildFile; fileRef = D442C7F01AF5A5D600FF5FF8 /* GameViewController.m */; };
		D442C7F41AF5A5D600FF5FF8 /* Main.storyboard in Resources */ = {isa = PBXBuildFile; fileRef = D442C7F21AF5A5D600FF5FF8 /* Main.storyboard */; };
		D442C7F61AF5A5D600FF5FF8 /* Images.xcassets in Resources */ = {isa = PBXBuildFile; fileRef = D442C7F51AF5A5D600FF5FF8 /* Images.xcassets */; };
		D442C7F91AF5A5D600FF5FF8 /* LaunchScreen.xib in Resources */ = {isa = PBXBuildFile; fileRef = D442C7F71AF5A5D600FF5FF8 /* LaunchScreen.xib */; };
		D4AFE1B91AF7362E004AD3DE /* TitleViewController.m in Sources */ = {isa = PBXBuildFile; fileRef = D4AFE1B81AF7362E004AD3DE /* TitleViewController.m */; };
		D4BD7FCE1AF9851900A515ED /* GTCoreBluetoothDemo.xcdatamodeld in Sources */ = {isa = PBXBuildFile; fileRef = D4BD7FCC1AF9851900A515ED /* GTCoreBluetoothDemo.xcdatamodeld */; };
		D4BD7FD11AF9872800A515ED /* AccountManager.m in Sources */ = {isa = PBXBuildFile; fileRef = D4BD7FD01AF9872800A515ED /* AccountManager.m */; };
		D4BD7FD41AF99CD500A515ED /* SavedDataManager.m in Sources */ = {isa = PBXBuildFile; fileRef = D4BD7FD31AF99CD500A515ED /* SavedDataManager.m */; };
/* End PBXBuildFile section */

/* Begin PBXFileReference section */
		597412C3C3453082830C2327 /* libPods.a */ = {isa = PBXFileReference; explicitFileType = archive.ar; includeInIndex = 0; path = libPods.a; sourceTree = BUILT_PRODUCTS_DIR; };
		7F0AA9183000DE1C1659C1C2 /* Pods.debug.xcconfig */ = {isa = PBXFileReference; includeInIndex = 1; lastKnownFileType = text.xcconfig; name = Pods.debug.xcconfig; path = "Pods/Target Support Files/Pods/Pods.debug.xcconfig"; sourceTree = "<group>"; };
		8CD457D54A6CC4BE8FA51571 /* Pods.release.xcconfig */ = {isa = PBXFileReference; includeInIndex = 1; lastKnownFileType = text.xcconfig; name = Pods.release.xcconfig; path = "Pods/Target Support Files/Pods/Pods.release.xcconfig"; sourceTree = "<group>"; };
		D442C7E31AF5A5D500FF5FF8 /* Rustle.app */ = {isa = PBXFileReference; explicitFileType = wrapper.application; includeInIndex = 0; path = Rustle.app; sourceTree = BUILT_PRODUCTS_DIR; };
		D442C7E71AF5A5D500FF5FF8 /* Info.plist */ = {isa = PBXFileReference; lastKnownFileType = text.plist.xml; path = Info.plist; sourceTree = "<group>"; };
		D442C7E81AF5A5D500FF5FF8 /* main.m */ = {isa = PBXFileReference; lastKnownFileType = sourcecode.c.objc; path = main.m; sourceTree = "<group>"; };
		D442C7EA1AF5A5D500FF5FF8 /* AppDelegate.h */ = {isa = PBXFileReference; lastKnownFileType = sourcecode.c.h; path = AppDelegate.h; sourceTree = "<group>"; };
		D442C7EB1AF5A5D500FF5FF8 /* AppDelegate.m */ = {isa = PBXFileReference; lastKnownFileType = sourcecode.c.objc; path = AppDelegate.m; sourceTree = "<group>"; };
		D442C7EF1AF5A5D600FF5FF8 /* GameViewController.h */ = {isa = PBXFileReference; lastKnownFileType = sourcecode.c.h; path = GameViewController.h; sourceTree = "<group>"; };
		D442C7F01AF5A5D600FF5FF8 /* GameViewController.m */ = {isa = PBXFileReference; lastKnownFileType = sourcecode.c.objc; path = GameViewController.m; sourceTree = "<group>"; };
		D442C7F31AF5A5D600FF5FF8 /* Base */ = {isa = PBXFileReference; lastKnownFileType = file.storyboard; name = Base; path = Base.lproj/Main.storyboard; sourceTree = "<group>"; };
		D442C7F51AF5A5D600FF5FF8 /* Images.xcassets */ = {isa = PBXFileReference; lastKnownFileType = folder.assetcatalog; path = Images.xcassets; sourceTree = "<group>"; };
		D442C7F81AF5A5D600FF5FF8 /* Base */ = {isa = PBXFileReference; lastKnownFileType = file.xib; name = Base; path = Base.lproj/LaunchScreen.xib; sourceTree = "<group>"; };
		D442C8031AF5A5D600FF5FF8 /* Info.plist */ = {isa = PBXFileReference; lastKnownFileType = text.plist.xml; path = Info.plist; sourceTree = "<group>"; };
		D442C8041AF5A5D600FF5FF8 /* GTCoreBluetoothDemoTests.m */ = {isa = PBXFileReference; lastKnownFileType = sourcecode.c.objc; path = GTCoreBluetoothDemoTests.m; sourceTree = "<group>"; };
		D4AFE1B71AF7362E004AD3DE /* TitleViewController.h */ = {isa = PBXFileReference; fileEncoding = 4; lastKnownFileType = sourcecode.c.h; path = TitleViewController.h; sourceTree = "<group>"; };
		D4AFE1B81AF7362E004AD3DE /* TitleViewController.m */ = {isa = PBXFileReference; fileEncoding = 4; lastKnownFileType = sourcecode.c.objc; path = TitleViewController.m; sourceTree = "<group>"; };
		D4AFE1BA1AF74124004AD3DE /* Prefix.pch */ = {isa = PBXFileReference; fileEncoding = 4; lastKnownFileType = sourcecode.c.h; path = Prefix.pch; sourceTree = "<group>"; };
		D4BD7FCD1AF9851900A515ED /* GTCoreBluetoothDemo.xcdatamodel */ = {isa = PBXFileReference; lastKnownFileType = wrapper.xcdatamodel; path = GTCoreBluetoothDemo.xcdatamodel; sourceTree = "<group>"; };
		D4BD7FCF1AF9872800A515ED /* AccountManager.h */ = {isa = PBXFileReference; fileEncoding = 4; lastKnownFileType = sourcecode.c.h; path = AccountManager.h; sourceTree = "<group>"; };
		D4BD7FD01AF9872800A515ED /* AccountManager.m */ = {isa = PBXFileReference; fileEncoding = 4; lastKnownFileType = sourcecode.c.objc; path = AccountManager.m; sourceTree = "<group>"; };
		D4BD7FD21AF99CD500A515ED /* SavedDataManager.h */ = {isa = PBXFileReference; fileEncoding = 4; lastKnownFileType = sourcecode.c.h; path = SavedDataManager.h; sourceTree = "<group>"; };
		D4BD7FD31AF99CD500A515ED /* SavedDataManager.m */ = {isa = PBXFileReference; fileEncoding = 4; lastKnownFileType = sourcecode.c.objc; path = SavedDataManager.m; sourceTree = "<group>"; };
/* End PBXFileReference section */

/* Begin PBXFrameworksBuildPhase section */
		D442C7E01AF5A5D500FF5FF8 /* Frameworks */ = {
			isa = PBXFrameworksBuildPhase;
			buildActionMask = 2147483647;
			files = (
				5FD883A472092C333E9222AA /* libPods.a in Frameworks */,
			);
			runOnlyForDeploymentPostprocessing = 0;
		};
/* End PBXFrameworksBuildPhase section */

/* Begin PBXGroup section */
		4A8591B8136AF4708416B72B /* Frameworks */ = {
			isa = PBXGroup;
			children = (
				597412C3C3453082830C2327 /* libPods.a */,
			);
			name = Frameworks;
			sourceTree = "<group>";
		};
		6F3CAD3F1F32A44028CF1F80 /* Pods */ = {
			isa = PBXGroup;
			children = (
				7F0AA9183000DE1C1659C1C2 /* Pods.debug.xcconfig */,
				8CD457D54A6CC4BE8FA51571 /* Pods.release.xcconfig */,
			);
			name = Pods;
			sourceTree = "<group>";
		};
		D442C7DA1AF5A5D500FF5FF8 = {
			isa = PBXGroup;
			children = (
				D442C7E51AF5A5D500FF5FF8 /* App */,
				D442C8011AF5A5D600FF5FF8 /* Tests */,
				D442C7E41AF5A5D500FF5FF8 /* Products */,
				6F3CAD3F1F32A44028CF1F80 /* Pods */,
				4A8591B8136AF4708416B72B /* Frameworks */,
			);
			sourceTree = "<group>";
		};
		D442C7E41AF5A5D500FF5FF8 /* Products */ = {
			isa = PBXGroup;
			children = (
				D442C7E31AF5A5D500FF5FF8 /* Rustle.app */,
			);
			name = Products;
			sourceTree = "<group>";
		};
		D442C7E51AF5A5D500FF5FF8 /* App */ = {
			isa = PBXGroup;
			children = (
				D4BD7FCF1AF9872800A515ED /* AccountManager.h */,
				D4BD7FD01AF9872800A515ED /* AccountManager.m */,
				D442C7EA1AF5A5D500FF5FF8 /* AppDelegate.h */,
				D442C7EB1AF5A5D500FF5FF8 /* AppDelegate.m */,
				D442C7EF1AF5A5D600FF5FF8 /* GameViewController.h */,
				D442C7F01AF5A5D600FF5FF8 /* GameViewController.m */,
				D4BD7FCC1AF9851900A515ED /* GTCoreBluetoothDemo.xcdatamodeld */,
				D442C7F51AF5A5D600FF5FF8 /* Images.xcassets */,
				D442C7F71AF5A5D600FF5FF8 /* LaunchScreen.xib */,
				D442C7F21AF5A5D600FF5FF8 /* Main.storyboard */,
				D4BD7FD21AF99CD500A515ED /* SavedDataManager.h */,
				D4BD7FD31AF99CD500A515ED /* SavedDataManager.m */,
				D4AFE1B71AF7362E004AD3DE /* TitleViewController.h */,
				D4AFE1B81AF7362E004AD3DE /* TitleViewController.m */,
				D442C7E61AF5A5D500FF5FF8 /* supporting files */,
			);
			path = App;
			sourceTree = "<group>";
		};
		D442C7E61AF5A5D500FF5FF8 /* supporting files */ = {
			isa = PBXGroup;
			children = (
				D442C7E71AF5A5D500FF5FF8 /* Info.plist */,
				D442C7E81AF5A5D500FF5FF8 /* main.m */,
				D4AFE1BA1AF74124004AD3DE /* Prefix.pch */,
			);
			name = "supporting files";
			sourceTree = "<group>";
		};
		D442C8011AF5A5D600FF5FF8 /* Tests */ = {
			isa = PBXGroup;
			children = (
				D442C8041AF5A5D600FF5FF8 /* GTCoreBluetoothDemoTests.m */,
				D442C8021AF5A5D600FF5FF8 /* supporting files */,
			);
			path = Tests;
			sourceTree = "<group>";
		};
		D442C8021AF5A5D600FF5FF8 /* supporting files */ = {
			isa = PBXGroup;
			children = (
				D442C8031AF5A5D600FF5FF8 /* Info.plist */,
			);
			name = "supporting files";
			sourceTree = "<group>";
		};
/* End PBXGroup section */

/* Begin PBXNativeTarget section */
		D442C7E21AF5A5D500FF5FF8 /* GTCoreBluetoothDemo */ = {
			isa = PBXNativeTarget;
			buildConfigurationList = D442C8081AF5A5D600FF5FF8 /* Build configuration list for PBXNativeTarget "GTCoreBluetoothDemo" */;
			buildPhases = (
				BDC286DE8C4DED89E897A4EC /* Check Pods Manifest.lock */,
				D442C7DF1AF5A5D500FF5FF8 /* Sources */,
				D442C7E01AF5A5D500FF5FF8 /* Frameworks */,
				D442C7E11AF5A5D500FF5FF8 /* Resources */,
				DF8D9C6985AB1796D458E4D1 /* Copy Pods Resources */,
			);
			buildRules = (
			);
			dependencies = (
			);
			name = GTCoreBluetoothDemo;
			productName = GTCoreBluetoothDemo;
			productReference = D442C7E31AF5A5D500FF5FF8 /* Rustle.app */;
			productType = "com.apple.product-type.application";
		};
/* End PBXNativeTarget section */

/* Begin PBXProject section */
		D442C7DB1AF5A5D500FF5FF8 /* Project object */ = {
			isa = PBXProject;
			attributes = {
				LastUpgradeCheck = 0630;
				ORGANIZATIONNAME = "Cap'n Slipp";
				TargetAttributes = {
					D442C7E21AF5A5D500FF5FF8 = {
						CreatedOnToolsVersion = 6.3;
					};
				};
			};
			buildConfigurationList = D442C7DE1AF5A5D500FF5FF8 /* Build configuration list for PBXProject "GTCoreBluetoothDemo" */;
			compatibilityVersion = "Xcode 3.2";
			developmentRegion = English;
			hasScannedForEncodings = 0;
			knownRegions = (
				en,
				Base,
			);
			mainGroup = D442C7DA1AF5A5D500FF5FF8;
			productRefGroup = D442C7E41AF5A5D500FF5FF8 /* Products */;
			projectDirPath = "";
			projectRoot = "";
			targets = (
				D442C7E21AF5A5D500FF5FF8 /* GTCoreBluetoothDemo */,
			);
		};
/* End PBXProject section */

/* Begin PBXResourcesBuildPhase section */
		D442C7E11AF5A5D500FF5FF8 /* Resources */ = {
			isa = PBXResourcesBuildPhase;
			buildActionMask = 2147483647;
			files = (
				D442C7F91AF5A5D600FF5FF8 /* LaunchScreen.xib in Resources */,
				D442C7F61AF5A5D600FF5FF8 /* Images.xcassets in Resources */,
				D442C7F41AF5A5D600FF5FF8 /* Main.storyboard in Resources */,
			);
			runOnlyForDeploymentPostprocessing = 0;
		};
/* End PBXResourcesBuildPhase section */

/* Begin PBXShellScriptBuildPhase section */
		BDC286DE8C4DED89E897A4EC /* Check Pods Manifest.lock */ = {
			isa = PBXShellScriptBuildPhase;
			buildActionMask = 2147483647;
			files = (
			);
			inputPaths = (
			);
			name = "Check Pods Manifest.lock";
			outputPaths = (
			);
			runOnlyForDeploymentPostprocessing = 0;
			shellPath = /bin/sh;
			shellScript = "diff \"${PODS_ROOT}/../Podfile.lock\" \"${PODS_ROOT}/Manifest.lock\" > /dev/null\nif [[ $? != 0 ]] ; then\n    cat << EOM\nerror: The sandbox is not in sync with the Podfile.lock. Run 'pod install' or update your CocoaPods installation.\nEOM\n    exit 1\nfi\n";
			showEnvVarsInLog = 0;
		};
		DF8D9C6985AB1796D458E4D1 /* Copy Pods Resources */ = {
			isa = PBXShellScriptBuildPhase;
			buildActionMask = 2147483647;
			files = (
			);
			inputPaths = (
			);
			name = "Copy Pods Resources";
			outputPaths = (
			);
			runOnlyForDeploymentPostprocessing = 0;
			shellPath = /bin/sh;
			shellScript = "\"${SRCROOT}/Pods/Target Support Files/Pods/Pods-resources.sh\"\n";
			showEnvVarsInLog = 0;
		};
/* End PBXShellScriptBuildPhase section */

/* Begin PBXSourcesBuildPhase section */
		D442C7DF1AF5A5D500FF5FF8 /* Sources */ = {
			isa = PBXSourcesBuildPhase;
			buildActionMask = 2147483647;
			files = (
				D442C7EC1AF5A5D500FF5FF8 /* AppDelegate.m in Sources */,
				D4BD7FD41AF99CD500A515ED /* SavedDataManager.m in Sources */,
				D4AFE1B91AF7362E004AD3DE /* TitleViewController.m in Sources */,
				D4BD7FCE1AF9851900A515ED /* GTCoreBluetoothDemo.xcdatamodeld in Sources */,
				D442C7F11AF5A5D600FF5FF8 /* GameViewController.m in Sources */,
				D442C7E91AF5A5D500FF5FF8 /* main.m in Sources */,
				D4BD7FD11AF9872800A515ED /* AccountManager.m in Sources */,
			);
			runOnlyForDeploymentPostprocessing = 0;
		};
/* End PBXSourcesBuildPhase section */

/* Begin PBXVariantGroup section */
		D442C7F21AF5A5D600FF5FF8 /* Main.storyboard */ = {
			isa = PBXVariantGroup;
			children = (
				D442C7F31AF5A5D600FF5FF8 /* Base */,
			);
			name = Main.storyboard;
			sourceTree = "<group>";
		};
		D442C7F71AF5A5D600FF5FF8 /* LaunchScreen.xib */ = {
			isa = PBXVariantGroup;
			children = (
				D442C7F81AF5A5D600FF5FF8 /* Base */,
			);
			name = LaunchScreen.xib;
			sourceTree = "<group>";
		};
/* End PBXVariantGroup section */

/* Begin XCBuildConfiguration section */
		D442C8061AF5A5D600FF5FF8 /* Debug */ = {
			isa = XCBuildConfiguration;
			buildSettings = {
				ALWAYS_SEARCH_USER_PATHS = NO;
				CLANG_CXX_LANGUAGE_STANDARD = "gnu++0x";
				CLANG_CXX_LIBRARY = "libc++";
				CLANG_ENABLE_MODULES = YES;
				CLANG_ENABLE_OBJC_ARC = NO;
				CLANG_WARN_BOOL_CONVERSION = YES;
				CLANG_WARN_CONSTANT_CONVERSION = YES;
				CLANG_WARN_DIRECT_OBJC_ISA_USAGE = YES_ERROR;
				CLANG_WARN_EMPTY_BODY = YES;
				CLANG_WARN_ENUM_CONVERSION = YES;
				CLANG_WARN_INT_CONVERSION = YES;
				CLANG_WARN_OBJC_ROOT_CLASS = YES_ERROR;
				CLANG_WARN_UNREACHABLE_CODE = YES;
				CLANG_WARN__DUPLICATE_METHOD_MATCH = YES;
				"CODE_SIGN_IDENTITY[sdk=iphoneos*]" = "iPhone Developer";
				COPY_PHASE_STRIP = NO;
				DEBUG_INFORMATION_FORMAT = "dwarf-with-dsym";
				ENABLE_STRICT_OBJC_MSGSEND = YES;
				GCC_C_LANGUAGE_STANDARD = gnu99;
				GCC_DYNAMIC_NO_PIC = NO;
				GCC_NO_COMMON_BLOCKS = YES;
				GCC_OPTIMIZATION_LEVEL = 0;
				GCC_PREPROCESSOR_DEFINITIONS = (
					"DEBUG=1",
					"$(inherited)",
				);
				GCC_SYMBOLS_PRIVATE_EXTERN = NO;
				GCC_WARN_64_TO_32_BIT_CONVERSION = YES;
				GCC_WARN_ABOUT_RETURN_TYPE = YES_ERROR;
				GCC_WARN_UNDECLARED_SELECTOR = YES;
				GCC_WARN_UNINITIALIZED_AUTOS = YES_AGGRESSIVE;
				GCC_WARN_UNUSED_FUNCTION = YES;
				GCC_WARN_UNUSED_VARIABLE = YES;
				IPHONEOS_DEPLOYMENT_TARGET = 8.0;
				MTL_ENABLE_DEBUG_INFO = YES;
				ONLY_ACTIVE_ARCH = YES;
				SDKROOT = iphoneos;
				TARGETED_DEVICE_FAMILY = "1,2";
			};
			name = Debug;
		};
		D442C8071AF5A5D600FF5FF8 /* Release */ = {
			isa = XCBuildConfiguration;
			buildSettings = {
				ALWAYS_SEARCH_USER_PATHS = NO;
				CLANG_CXX_LANGUAGE_STANDARD = "gnu++0x";
				CLANG_CXX_LIBRARY = "libc++";
				CLANG_ENABLE_MODULES = YES;
				CLANG_ENABLE_OBJC_ARC = NO;
				CLANG_WARN_BOOL_CONVERSION = YES;
				CLANG_WARN_CONSTANT_CONVERSION = YES;
				CLANG_WARN_DIRECT_OBJC_ISA_USAGE = YES_ERROR;
				CLANG_WARN_EMPTY_BODY = YES;
				CLANG_WARN_ENUM_CONVERSION = YES;
				CLANG_WARN_INT_CONVERSION = YES;
				CLANG_WARN_OBJC_ROOT_CLASS = YES_ERROR;
				CLANG_WARN_UNREACHABLE_CODE = YES;
				CLANG_WARN__DUPLICATE_METHOD_MATCH = YES;
				"CODE_SIGN_IDENTITY[sdk=iphoneos*]" = "iPhone Developer";
				COPY_PHASE_STRIP = NO;
				DEBUG_INFORMATION_FORMAT = "dwarf-with-dsym";
				ENABLE_NS_ASSERTIONS = NO;
				ENABLE_STRICT_OBJC_MSGSEND = YES;
				GCC_C_LANGUAGE_STANDARD = gnu99;
				GCC_NO_COMMON_BLOCKS = YES;
				GCC_WARN_64_TO_32_BIT_CONVERSION = YES;
				GCC_WARN_ABOUT_RETURN_TYPE = YES_ERROR;
				GCC_WARN_UNDECLARED_SELECTOR = YES;
				GCC_WARN_UNINITIALIZED_AUTOS = YES_AGGRESSIVE;
				GCC_WARN_UNUSED_FUNCTION = YES;
				GCC_WARN_UNUSED_VARIABLE = YES;
				IPHONEOS_DEPLOYMENT_TARGET = 8.0;
				MTL_ENABLE_DEBUG_INFO = NO;
				SDKROOT = iphoneos;
				TARGETED_DEVICE_FAMILY = "1,2";
				VALIDATE_PRODUCT = YES;
			};
			name = Release;
		};
		D442C8091AF5A5D600FF5FF8 /* Debug */ = {
			isa = XCBuildConfiguration;
			baseConfigurationReference = 7F0AA9183000DE1C1659C1C2 /* Pods.debug.xcconfig */;
			buildSettings = {
				ASSETCATALOG_COMPILER_APPICON_NAME = AppIcon;
				GCC_PREFIX_HEADER = App/Prefix.pch;
				INFOPLIST_FILE = App/Info.plist;
				LD_RUNPATH_SEARCH_PATHS = "$(inherited) @executable_path/Frameworks";
				PRODUCT_NAME = Rustle;
			};
			name = Debug;
		};
		D442C80A1AF5A5D600FF5FF8 /* Release */ = {
			isa = XCBuildConfiguration;
			baseConfigurationReference = 8CD457D54A6CC4BE8FA51571 /* Pods.release.xcconfig */;
			buildSettings = {
				ASSETCATALOG_COMPILER_APPICON_NAME = AppIcon;
				GCC_PREFIX_HEADER = App/Prefix.pch;
				INFOPLIST_FILE = App/Info.plist;
				LD_RUNPATH_SEARCH_PATHS = "$(inherited) @executable_path/Frameworks";
				PRODUCT_NAME = Rustle;
			};
			name = Release;
		};
/* End XCBuildConfiguration section */

/* Begin XCConfigurationList section */
		D442C7DE1AF5A5D500FF5FF8 /* Build configuration list for PBXProject "GTCoreBluetoothDemo" */ = {
			isa = XCConfigurationList;
			buildConfigurations = (
				D442C8061AF5A5D600FF5FF8 /* Debug */,
				D442C8071AF5A5D600FF5FF8 /* Release */,
			);
			defaultConfigurationIsVisible = 0;
			defaultConfigurationName = Release;
		};
		D442C8081AF5A5D600FF5FF8 /* Build configuration list for PBXNativeTarget "GTCoreBluetoothDemo" */ = {
			isa = XCConfigurationList;
			buildConfigurations = (
				D442C8091AF5A5D600FF5FF8 /* Debug */,
				D442C80A1AF5A5D600FF5FF8 /* Release */,
			);
			defaultConfigurationIsVisible = 0;
			defaultConfigurationName = Release;
		};
/* End XCConfigurationList section */

/* Begin XCVersionGroup section */
		D4BD7FCC1AF9851900A515ED /* GTCoreBluetoothDemo.xcdatamodeld */ = {
			isa = XCVersionGroup;
			children = (
				D4BD7FCD1AF9851900A515ED /* GTCoreBluetoothDemo.xcdatamodel */,
			);
			currentVersion = D4BD7FCD1AF9851900A515ED /* GTCoreBluetoothDemo.xcdatamodel */;
			path = GTCoreBluetoothDemo.xcdatamodeld;
			sourceTree = "<group>";
			versionGroupType = wrapper.xcdatamodel;
		};
/* End XCVersionGroup section */
	};
	rootObject = D442C7DB1AF5A5D500FF5FF8 /* Project object */;
}
